
Microsoft Visual Studio Solution File, Format Version 12.00
# Visual Studio 2012
Project("{FAE04EC0-301F-11D3-BF4B-00C04F79EFBC}") = "LogingFramework", "LogingFramework\LogingFramework.csproj", "{1898CE60-AD0F-44FE-B0B5-CB188DE7F65E}"
EndProject
Project("{FAE04EC0-301F-11D3-BF4B-00C04F79EFBC}") = "LoggingSystem", "..\LoggingSystem\LoggingSystem.csproj", "{2C023754-7B94-4D4E-99BF-C9BC956B98AF}"
EndProject
Project("{FAE04EC0-301F-11D3-BF4B-00C04F79EFBC}") = "LoggingSystemTests", "LoggingSystemTests\LoggingSystemTests.csproj", "{B8103830-D16C-4912-AF1E-DAA6AFC9A621}"
EndProject
Global
	GlobalSection(SolutionConfigurationPlatforms) = preSolution
		Debug|Any CPU = Debug|Any CPU
		Release|Any CPU = Release|Any CPU
	EndGlobalSection
	GlobalSection(ProjectConfigurationPlatforms) = postSolution
		{1898CE60-AD0F-44FE-B0B5-CB188DE7F65E}.Debug|Any CPU.ActiveCfg = Debug|Any CPU
		{1898CE60-AD0F-44FE-B0B5-CB188DE7F65E}.Debug|Any CPU.Build.0 = Debug|Any CPU
		{1898CE60-AD0F-44FE-B0B5-CB188DE7F65E}.Release|Any CPU.ActiveCfg = Release|Any CPU
		{1898CE60-AD0F-44FE-B0B5-CB188DE7F65E}.Release|Any CPU.Build.0 = Release|Any CPU
		{2C023754-7B94-4D4E-99BF-C9BC956B98AF}.Debug|Any CPU.ActiveCfg = Debug|Any CPU
		{2C023754-7B94-4D4E-99BF-C9BC956B98AF}.Debug|Any CPU.Build.0 = Debug|Any CPU
		{2C023754-7B94-4D4E-99BF-C9BC956B98AF}.Release|Any CPU.ActiveCfg = Release|Any CPU
		{2C023754-7B94-4D4E-99BF-C9BC956B98AF}.Release|Any CPU.Build.0 = Release|Any CPU
		{B8103830-D16C-4912-AF1E-DAA6AFC9A621}.Debug|Any CPU.ActiveCfg = Debug|Any CPU
		{B8103830-D16C-4912-AF1E-DAA6AFC9A621}.Debug|Any CPU.Build.0 = Debug|Any CPU
		{B8103830-D16C-4912-AF1E-DAA6AFC9A621}.Release|Any CPU.ActiveCfg = Release|Any CPU
		{B8103830-D16C-4912-AF1E-DAA6AFC9A621}.Release|Any CPU.Build.0 = Release|Any CPU
	EndGlobalSection
	GlobalSection(SolutionProperties) = preSolution
		HideSolutionNode = FALSE
	EndGlobalSection
EndGlobal
